
Microsoft Visual Studio Solution File, Format Version 12.00
# Visual Studio Version 17
VisualStudioVersion = 17.2.32519.379
MinimumVisualStudioVersion = 10.0.40219.1
Project("{9A19103F-16F7-4668-BE54-9A1E7A4F7556}") = "Domain.API", "Domain.API\Domain.API.csproj", "{DB87AC11-236C-49D2-BD39-3A551DE38CEC}"
EndProject
Project("{FAE04EC0-301F-11D3-BF4B-00C04F79EFBC}") = "Domain.Data", "Domain.Data\Domain.Data.csproj", "{C2F9B853-27AA-4C1C-B5DD-0CD8F2F6E1B7}"
EndProject
Project("{FAE04EC0-301F-11D3-BF4B-00C04F79EFBC}") = "Domain.Test", "Domain.Test\Domain.Test.csproj", "{0ED3E4CD-88DD-4AB7-B941-AE33A97AC744}"
EndProject
Global
	GlobalSection(SolutionConfigurationPlatforms) = preSolution
		Debug|Any CPU = Debug|Any CPU
		Release|Any CPU = Release|Any CPU
	EndGlobalSection
	GlobalSection(ProjectConfigurationPlatforms) = postSolution
		{DB87AC11-236C-49D2-BD39-3A551DE38CEC}.Debug|Any CPU.ActiveCfg = Debug|Any CPU
		{DB87AC11-236C-49D2-BD39-3A551DE38CEC}.Debug|Any CPU.Build.0 = Debug|Any CPU
		{DB87AC11-236C-49D2-BD39-3A551DE38CEC}.Release|Any CPU.ActiveCfg = Release|Any CPU
		{DB87AC11-236C-49D2-BD39-3A551DE38CEC}.Release|Any CPU.Build.0 = Release|Any CPU
		{C2F9B853-27AA-4C1C-B5DD-0CD8F2F6E1B7}.Debug|Any CPU.ActiveCfg = Debug|Any CPU
		{C2F9B853-27AA-4C1C-B5DD-0CD8F2F6E1B7}.Debug|Any CPU.Build.0 = Debug|Any CPU
		{C2F9B853-27AA-4C1C-B5DD-0CD8F2F6E1B7}.Release|Any CPU.ActiveCfg = Release|Any CPU
		{C2F9B853-27AA-4C1C-B5DD-0CD8F2F6E1B7}.Release|Any CPU.Build.0 = Release|Any CPU
		{0ED3E4CD-88DD-4AB7-B941-AE33A97AC744}.Debug|Any CPU.ActiveCfg = Debug|Any CPU
		{0ED3E4CD-88DD-4AB7-B941-AE33A97AC744}.Debug|Any CPU.Build.0 = Debug|Any CPU
		{0ED3E4CD-88DD-4AB7-B941-AE33A97AC744}.Release|Any CPU.ActiveCfg = Release|Any CPU
		{0ED3E4CD-88DD-4AB7-B941-AE33A97AC744}.Release|Any CPU.Build.0 = Release|Any CPU
	EndGlobalSection
	GlobalSection(SolutionProperties) = preSolution
		HideSolutionNode = FALSE
	EndGlobalSection
	GlobalSection(ExtensibilityGlobals) = postSolution
		SolutionGuid = {9E6BFDF0-3247-4001-87B3-24AF7E214924}
	EndGlobalSection
EndGlobal
